
Microsoft Visual Studio Solution File, Format Version 12.00
# Visual Studio Version 17
VisualStudioVersion = 17.4.33213.308
MinimumVisualStudioVersion = 10.0.40219.1
Project("{FAE04EC0-301F-11D3-BF4B-00C04F79EFBC}") = "Shecan-Desktop", "Shecan-Desktop\Shecan-Desktop.csproj", "{0D1FE30B-E0DF-42CA-A19F-1A9FFF69223C}"
EndProject
Global
	GlobalSection(SolutionConfigurationPlatforms) = preSolution
		Debug|Any CPU = Debug|Any CPU
		Release|Any CPU = Release|Any CPU
	EndGlobalSection
	GlobalSection(ProjectConfigurationPlatforms) = postSolution
		{0D1FE30B-E0DF-42CA-A19F-1A9FFF69223C}.Debug|Any CPU.ActiveCfg = Debug|Any CPU
		{0D1FE30B-E0DF-42CA-A19F-1A9FFF69223C}.Debug|Any CPU.Build.0 = Debug|Any CPU
		{0D1FE30B-E0DF-42CA-A19F-1A9FFF69223C}.Release|Any CPU.ActiveCfg = Release|Any CPU
		{0D1FE30B-E0DF-42CA-A19F-1A9FFF69223C}.Release|Any CPU.Build.0 = Release|Any CPU
	EndGlobalSection
	GlobalSection(SolutionProperties) = preSolution
		HideSolutionNode = FALSE
	EndGlobalSection
	GlobalSection(ExtensibilityGlobals) = postSolution
		SolutionGuid = {E822CF0F-069B-4A1A-A71C-AE3565369E48}
	EndGlobalSection
EndGlobal
